
Microsoft Visual Studio Solution File, Format Version 12.00
# Visual Studio Version 17
VisualStudioVersion = 17.9.34701.34
MinimumVisualStudioVersion = 10.0.40219.1
Project("{FAE04EC0-301F-11D3-BF4B-00C04F79EFBC}") = "Usuarios.Server", "Usuarios.Server\Usuarios.Server.csproj", "{18C53315-80C3-4AF2-8B3F-D93829050E00}"
EndProject
Global
	GlobalSection(SolutionConfigurationPlatforms) = preSolution
		Debug|Any CPU = Debug|Any CPU
		Release|Any CPU = Release|Any CPU
	EndGlobalSection
	GlobalSection(ProjectConfigurationPlatforms) = postSolution
		{18C53315-80C3-4AF2-8B3F-D93829050E00}.Debug|Any CPU.ActiveCfg = Debug|Any CPU
		{18C53315-80C3-4AF2-8B3F-D93829050E00}.Debug|Any CPU.Build.0 = Debug|Any CPU
		{18C53315-80C3-4AF2-8B3F-D93829050E00}.Release|Any CPU.ActiveCfg = Release|Any CPU
		{18C53315-80C3-4AF2-8B3F-D93829050E00}.Release|Any CPU.Build.0 = Release|Any CPU
	EndGlobalSection
	GlobalSection(SolutionProperties) = preSolution
		HideSolutionNode = FALSE
	EndGlobalSection
	GlobalSection(ExtensibilityGlobals) = postSolution
		SolutionGuid = {3411A11D-CEBB-4950-92E4-43EA93BD6888}
	EndGlobalSection
EndGlobal
